
Microsoft Visual Studio Solution File, Format Version 12.00
# Visual Studio Version 17
VisualStudioVersion = 17.3.32804.467
MinimumVisualStudioVersion = 10.0.40219.1
Project("{FAE04EC0-301F-11D3-BF4B-00C04F79EFBC}") = "EF_ReverseEngineer_and_CodeFirst", "EF_ReverseEngineer_and_CodeFirst\EF_ReverseEngineer_and_CodeFirst.csproj", "{520C59A3-51C2-4D4D-AC1B-0DF68279887D}"
EndProject
Global
	GlobalSection(SolutionConfigurationPlatforms) = preSolution
		Debug|Any CPU = Debug|Any CPU
		Release|Any CPU = Release|Any CPU
	EndGlobalSection
	GlobalSection(ProjectConfigurationPlatforms) = postSolution
		{520C59A3-51C2-4D4D-AC1B-0DF68279887D}.Debug|Any CPU.ActiveCfg = Debug|Any CPU
		{520C59A3-51C2-4D4D-AC1B-0DF68279887D}.Debug|Any CPU.Build.0 = Debug|Any CPU
		{520C59A3-51C2-4D4D-AC1B-0DF68279887D}.Release|Any CPU.ActiveCfg = Release|Any CPU
		{520C59A3-51C2-4D4D-AC1B-0DF68279887D}.Release|Any CPU.Build.0 = Release|Any CPU
	EndGlobalSection
	GlobalSection(SolutionProperties) = preSolution
		HideSolutionNode = FALSE
	EndGlobalSection
	GlobalSection(ExtensibilityGlobals) = postSolution
		SolutionGuid = {A5BA5600-2EE9-4938-8F5A-195972FF75A2}
	EndGlobalSection
EndGlobal
